
Microsoft Visual Studio Solution File, Format Version 12.00
# Visual Studio 15
VisualStudioVersion = 15.0.28307.1022
MinimumVisualStudioVersion = 10.0.40219.1
Project("{FAE04EC0-301F-11D3-BF4B-00C04F79EFBC}") = "Жеребьёвка", "Жеребьёвка\Жеребьёвка.csproj", "{C9834A54-65B7-4626-BF9F-E55B5FF6E63C}"
EndProject
Global
	GlobalSection(SolutionConfigurationPlatforms) = preSolution
		Debug|Any CPU = Debug|Any CPU
		Release|Any CPU = Release|Any CPU
	EndGlobalSection
	GlobalSection(ProjectConfigurationPlatforms) = postSolution
		{C9834A54-65B7-4626-BF9F-E55B5FF6E63C}.Debug|Any CPU.ActiveCfg = Debug|Any CPU
		{C9834A54-65B7-4626-BF9F-E55B5FF6E63C}.Debug|Any CPU.Build.0 = Debug|Any CPU
		{C9834A54-65B7-4626-BF9F-E55B5FF6E63C}.Release|Any CPU.ActiveCfg = Release|Any CPU
		{C9834A54-65B7-4626-BF9F-E55B5FF6E63C}.Release|Any CPU.Build.0 = Release|Any CPU
	EndGlobalSection
	GlobalSection(SolutionProperties) = preSolution
		HideSolutionNode = FALSE
	EndGlobalSection
	GlobalSection(ExtensibilityGlobals) = postSolution
		SolutionGuid = {55FA94A8-7BD0-466D-A09B-7952D5837BE9}
	EndGlobalSection
EndGlobal
